{
  "name": "2d-animation-pipeline",
  "version": "0.0.0",
  "lockfileVersion": 3,
  "requires": true,
  "packages": {
    "": {
      "name": "2d-animation-pipeline",
      "version": "0.0.0",
      "devDependencies": {
        "@higgsfield/cli": "^1.1.19"
      }
    },
    "node_modules/@higgsfield/cli": {
      "version": "1.1.19",
      "resolved": "https://registry.npmjs.org/@higgsfield/cli/-/cli-1.1.19.tgz",
      "integrity": "sha512-Fqo0H8Dz54JwoSAf5AM/9H1f/7Z4d6WjX5k7gEC9xoQE5R+OfQqKgP/1eDL6M8+hO0OBXxsopHiHBDAXqcK7gg==",
      "cpu": [
        "x64",
        "arm64"
      ],
      "dev": true,
      "hasInstallScript": true,
      "license": "MIT",
      "os": [
        "darwin",
        "linux",
        "win32"
      ],
      "bin": {
        "higgs": "bin/higgs.js",
        "higgsfield": "bin/higgsfield.js"
      },
      "engines": {
        "node": ">=14"
      }
    }
  }
}
